
Microsoft Visual Studio Solution File, Format Version 12.00
# Visual Studio Version 16
VisualStudioVersion = 16.0.29424.173
MinimumVisualStudioVersion = 10.0.40219.1
Project("{FAE04EC0-301F-11D3-BF4B-00C04F79EFBC}") = "webapi3", "webapi3.csproj", "{F699251E-73D3-4538-A07F-B59961232F84}"
EndProject
Global
	GlobalSection(SolutionConfigurationPlatforms) = preSolution
		Debug|Any CPU = Debug|Any CPU
		Release|Any CPU = Release|Any CPU
	EndGlobalSection
	GlobalSection(ProjectConfigurationPlatforms) = postSolution
		{F699251E-73D3-4538-A07F-B59961232F84}.Debug|Any CPU.ActiveCfg = Debug|Any CPU
		{F699251E-73D3-4538-A07F-B59961232F84}.Debug|Any CPU.Build.0 = Debug|Any CPU
		{F699251E-73D3-4538-A07F-B59961232F84}.Release|Any CPU.ActiveCfg = Release|Any CPU
		{F699251E-73D3-4538-A07F-B59961232F84}.Release|Any CPU.Build.0 = Release|Any CPU
	EndGlobalSection
	GlobalSection(SolutionProperties) = preSolution
		HideSolutionNode = FALSE
	EndGlobalSection
	GlobalSection(ExtensibilityGlobals) = postSolution
		SolutionGuid = {0988E15C-3479-4537-9AB4-DF5CBEFC7F67}
	EndGlobalSection
EndGlobal
